// !$*UTF8*$!
{
	archiveVersion = 1;
	classes = {
	};
	objectVersion = 56;
	objects = {

/* Begin PBXBuildFile section */
		15FDE9AC2B5CFAC900BA7708 /* main.swift in Sources */ = {isa = PBXBuildFile; fileRef = 15FDE9AB2B5CFAC900BA7708 /* main.swift */; };
		15FDE9B32B5CFB8300BA7708 /* AventOfCodeExample.swift in Sources */ = {isa = PBXBuildFile; fileRef = 15FDE9B22B5CFB8300BA7708 /* AventOfCodeExample.swift */; };
		15FDE9B52B5D2EFE00BA7708 /* MovieMaker.swift in Sources */ = {isa = PBXBuildFile; fileRef = 15FDE9B42B5D2EFE00BA7708 /* MovieMaker.swift */; };
/* End PBXBuildFile section */

/* Begin PBXCopyFilesBuildPhase section */
		15FDE9A62B5CFAC900BA7708 /* CopyFiles */ = {
			isa = PBXCopyFilesBuildPhase;
			buildActionMask = 2147483647;
			dstPath = /usr/share/man/man1/;
			dstSubfolderSpec = 0;
			files = (
			);
			runOnlyForDeploymentPostprocessing = 1;
		};
/* End PBXCopyFilesBuildPhase section */

/* Begin PBXFileReference section */
		15FDE9A82B5CFAC900BA7708 /* ScreentapSwiftPrototyping */ = {isa = PBXFileReference; explicitFileType = "compiled.mach-o.executable"; includeInIndex = 0; path = ScreentapSwiftPrototyping; sourceTree = BUILT_PRODUCTS_DIR; };
		15FDE9AB2B5CFAC900BA7708 /* main.swift */ = {isa = PBXFileReference; lastKnownFileType = sourcecode.swift; path = main.swift; sourceTree = "<group>"; };
		15FDE9B22B5CFB8300BA7708 /* AventOfCodeExample.swift */ = {isa = PBXFileReference; lastKnownFileType = sourcecode.swift; path = AventOfCodeExample.swift; sourceTree = "<group>"; };
		15FDE9B42B5D2EFE00BA7708 /* MovieMaker.swift */ = {isa = PBXFileReference; lastKnownFileType = sourcecode.swift; path = MovieMaker.swift; sourceTree = "<group>"; };
/* End PBXFileReference section */

/* Begin PBXFrameworksBuildPhase section */
		15FDE9A52B5CFAC900BA7708 /* Frameworks */ = {
			isa = PBXFrameworksBuildPhase;
			buildActionMask = 2147483647;
			files = (
			);
			runOnlyForDeploymentPostprocessing = 0;
		};
/* End PBXFrameworksBuildPhase section */

/* Begin PBXGroup section */
		15FDE99F2B5CFAC900BA7708 = {
			isa = PBXGroup;
			children = (
				15FDE9B42B5D2EFE00BA7708 /* MovieMaker.swift */,
				15FDE9B22B5CFB8300BA7708 /* AventOfCodeExample.swift */,
				15FDE9AA2B5CFAC900BA7708 /* ScreentapSwiftPrototyping */,
				15FDE9A92B5CFAC900BA7708 /* Products */,
			);
			sourceTree = "<group>";
		};
		15FDE9A92B5CFAC900BA7708 /* Products */ = {
			isa = PBXGroup;
			children = (
				15FDE9A82B5CFAC900BA7708 /* ScreentapSwiftPrototyping */,
			);
			name = Products;
			sourceTree = "<group>";
		};
		15FDE9AA2B5CFAC900BA7708 /* ScreentapSwiftPrototyping */ = {
			isa = PBXGroup;
			children = (
				15FDE9AB2B5CFAC900BA7708 /* main.swift */,
			);
			path = ScreentapSwiftPrototyping;
			sourceTree = "<group>";
		};
/* End PBXGroup section */

/* Begin PBXNativeTarget section */
		15FDE9A72B5CFAC900BA7708 /* ScreentapSwiftPrototyping */ = {
			isa = PBXNativeTarget;
			buildConfigurationList = 15FDE9AF2B5CFAC900BA7708 /* Build configuration list for PBXNativeTarget "ScreentapSwiftPrototyping" */;
			buildPhases = (
				15FDE9A42B5CFAC900BA7708 /* Sources */,
				15FDE9A52B5CFAC900BA7708 /* Frameworks */,
				15FDE9A62B5CFAC900BA7708 /* CopyFiles */,
			);
			buildRules = (
			);
			dependencies = (
			);
			name = ScreentapSwiftPrototyping;
			productName = ScreentapSwiftPrototyping;
			productReference = 15FDE9A82B5CFAC900BA7708 /* ScreentapSwiftPrototyping */;
			productType = "com.apple.product-type.tool";
		};
/* End PBXNativeTarget section */

/* Begin PBXProject section */
		15FDE9A02B5CFAC900BA7708 /* Project object */ = {
			isa = PBXProject;
			attributes = {
				BuildIndependentTargetsInParallel = 1;
				LastSwiftUpdateCheck = 1430;
				LastUpgradeCheck = 1430;
				TargetAttributes = {
					15FDE9A72B5CFAC900BA7708 = {
						CreatedOnToolsVersion = 14.3;
					};
				};
			};
			buildConfigurationList = 15FDE9A32B5CFAC900BA7708 /* Build configuration list for PBXProject "ScreentapSwiftPrototyping" */;
			compatibilityVersion = "Xcode 14.0";
			developmentRegion = en;
			hasScannedForEncodings = 0;
			knownRegions = (
				en,
				Base,
			);
			mainGroup = 15FDE99F2B5CFAC900BA7708;
			productRefGroup = 15FDE9A92B5CFAC900BA7708 /* Products */;
			projectDirPath = "";
			projectRoot = "";
			targets = (
				15FDE9A72B5CFAC900BA7708 /* ScreentapSwiftPrototyping */,
			);
		};
/* End PBXProject section */

/* Begin PBXSourcesBuildPhase section */
		15FDE9A42B5CFAC900BA7708 /* Sources */ = {
			isa = PBXSourcesBuildPhase;
			buildActionMask = 2147483647;
			files = (
				15FDE9B52B5D2EFE00BA7708 /* MovieMaker.swift in Sources */,
				15FDE9AC2B5CFAC900BA7708 /* main.swift in Sources */,
				15FDE9B32B5CFB8300BA7708 /* AventOfCodeExample.swift in Sources */,
			);
			runOnlyForDeploymentPostprocessing = 0;
		};
/* End PBXSourcesBuildPhase section */

/* Begin XCBuildConfiguration section */
		15FDE9AD2B5CFAC900BA7708 /* Debug */ = {
			isa = XCBuildConfiguration;
			buildSettings = {
				ALWAYS_SEARCH_USER_PATHS = NO;
				CLANG_ANALYZER_NONNULL = YES;
				CLANG_ANALYZER_NUMBER_OBJECT_CONVERSION = YES_AGGRESSIVE;
				CLANG_CXX_LANGUAGE_STANDARD = "gnu++20";
				CLANG_ENABLE_MODULES = YES;
				CLANG_ENABLE_OBJC_ARC = YES;
				CLANG_ENABLE_OBJC_WEAK = YES;
				CLANG_WARN_BLOCK_CAPTURE_AUTORELEASING = YES;
				CLANG_WARN_BOOL_CONVERSION = YES;
				CLANG_WARN_COMMA = YES;
				CLANG_WARN_CONSTANT_CONVERSION = YES;
				CLANG_WARN_DEPRECATED_OBJC_IMPLEMENTATIONS = YES;
				CLANG_WARN_DIRECT_OBJC_ISA_USAGE = YES_ERROR;
				CLANG_WARN_DOCUMENTATION_COMMENTS = YES;
				CLANG_WARN_EMPTY_BODY = YES;
				CLANG_WARN_ENUM_CONVERSION = YES;
				CLANG_WARN_INFINITE_RECURSION = YES;
				CLANG_WARN_INT_CONVERSION = YES;
				CLANG_WARN_NON_LITERAL_NULL_CONVERSION = YES;
				CLANG_WARN_OBJC_IMPLICIT_RETAIN_SELF = YES;
				CLANG_WARN_OBJC_LITERAL_CONVERSION = YES;
				CLANG_WARN_OBJC_ROOT_CLASS = YES_ERROR;
				CLANG_WARN_QUOTED_INCLUDE_IN_FRAMEWORK_HEADER = YES;
				CLANG_WARN_RANGE_LOOP_ANALYSIS = YES;
				CLANG_WARN_STRICT_PROTOTYPES = YES;
				CLANG_WARN_SUSPICIOUS_MOVE = YES;
				CLANG_WARN_UNGUARDED_AVAILABILITY = YES_AGGRESSIVE;
				CLANG_WARN_UNREACHABLE_CODE = YES;
				CLANG_WARN__DUPLICATE_METHOD_MATCH = YES;
				COPY_PHASE_STRIP = NO;
				DEBUG_INFORMATION_FORMAT = dwarf;
				ENABLE_STRICT_OBJC_MSGSEND = YES;
				ENABLE_TESTABILITY = YES;
				GCC_C_LANGUAGE_STANDARD = gnu11;
				GCC_DYNAMIC_NO_PIC = NO;
				GCC_NO_COMMON_BLOCKS = YES;
				GCC_OPTIMIZATION_LEVEL = 0;
				GCC_PREPROCESSOR_DEFINITIONS = (
					"DEBUG=1",
					"$(inherited)",
				);
				GCC_WARN_64_TO_32_BIT_CONVERSION = YES;
				GCC_WARN_ABOUT_RETURN_TYPE = YES_ERROR;
				GCC_WARN_UNDECLARED_SELECTOR = YES;
				GCC_WARN_UNINITIALIZED_AUTOS = YES_AGGRESSIVE;
				GCC_WARN_UNUSED_FUNCTION = YES;
				GCC_WARN_UNUSED_VARIABLE = YES;
				MACOSX_DEPLOYMENT_TARGET = 13.2;
				MTL_ENABLE_DEBUG_INFO = INCLUDE_SOURCE;
				MTL_FAST_MATH = YES;
				ONLY_ACTIVE_ARCH = YES;
				SDKROOT = macosx;
				SWIFT_ACTIVE_COMPILATION_CONDITIONS = DEBUG;
				SWIFT_OPTIMIZATION_LEVEL = "-Onone";
			};
			name = Debug;
		};
		15FDE9AE2B5CFAC900BA7708 /* Release */ = {
			isa = XCBuildConfiguration;
			buildSettings = {
				ALWAYS_SEARCH_USER_PATHS = NO;
				CLANG_ANALYZER_NONNULL = YES;
				CLANG_ANALYZER_NUMBER_OBJECT_CONVERSION = YES_AGGRESSIVE;
				CLANG_CXX_LANGUAGE_STANDARD = "gnu++20";
				CLANG_ENABLE_MODULES = YES;
				CLANG_ENABLE_OBJC_ARC = YES;
				CLANG_ENABLE_OBJC_WEAK = YES;
				CLANG_WARN_BLOCK_CAPTURE_AUTORELEASING = YES;
				CLANG_WARN_BOOL_CONVERSION = YES;
				CLANG_WARN_COMMA = YES;
				CLANG_WARN_CONSTANT_CONVERSION = YES;
				CLANG_WARN_DEPRECATED_OBJC_IMPLEMENTATIONS = YES;
				CLANG_WARN_DIRECT_OBJC_ISA_USAGE = YES_ERROR;
				CLANG_WARN_DOCUMENTATION_COMMENTS = YES;
				CLANG_WARN_EMPTY_BODY = YES;
				CLANG_WARN_ENUM_CONVERSION = YES;
				CLANG_WARN_INFINITE_RECURSION = YES;
				CLANG_WARN_INT_CONVERSION = YES;
				CLANG_WARN_NON_LITERAL_NULL_CONVERSION = YES;
				CLANG_WARN_OBJC_IMPLICIT_RETAIN_SELF = YES;
				CLANG_WARN_OBJC_LITERAL_CONVERSION = YES;
				CLANG_WARN_OBJC_ROOT_CLASS = YES_ERROR;
				CLANG_WARN_QUOTED_INCLUDE_IN_FRAMEWORK_HEADER = YES;
				CLANG_WARN_RANGE_LOOP_ANALYSIS = YES;
				CLANG_WARN_STRICT_PROTOTYPES = YES;
				CLANG_WARN_SUSPICIOUS_MOVE = YES;
				CLANG_WARN_UNGUARDED_AVAILABILITY = YES_AGGRESSIVE;
				CLANG_WARN_UNREACHABLE_CODE = YES;
				CLANG_WARN__DUPLICATE_METHOD_MATCH = YES;
				COPY_PHASE_STRIP = NO;
				DEBUG_INFORMATION_FORMAT = "dwarf-with-dsym";
				ENABLE_NS_ASSERTIONS = NO;
				ENABLE_STRICT_OBJC_MSGSEND = YES;
				GCC_C_LANGUAGE_STANDARD = gnu11;
				GCC_NO_COMMON_BLOCKS = YES;
				GCC_WARN_64_TO_32_BIT_CONVERSION = YES;
				GCC_WARN_ABOUT_RETURN_TYPE = YES_ERROR;
				GCC_WARN_UNDECLARED_SELECTOR = YES;
				GCC_WARN_UNINITIALIZED_AUTOS = YES_AGGRESSIVE;
				GCC_WARN_UNUSED_FUNCTION = YES;
				GCC_WARN_UNUSED_VARIABLE = YES;
				MACOSX_DEPLOYMENT_TARGET = 13.2;
				MTL_ENABLE_DEBUG_INFO = NO;
				MTL_FAST_MATH = YES;
				SDKROOT = macosx;
				SWIFT_COMPILATION_MODE = wholemodule;
				SWIFT_OPTIMIZATION_LEVEL = "-O";
			};
			name = Release;
		};
		15FDE9B02B5CFAC900BA7708 /* Debug */ = {
			isa = XCBuildConfiguration;
			buildSettings = {
				CODE_SIGN_STYLE = Automatic;
				DEVELOPMENT_TEAM = SHKMM3ZRX8;
				ENABLE_HARDENED_RUNTIME = YES;
				PRODUCT_NAME = "$(TARGET_NAME)";
				SWIFT_VERSION = 5.0;
			};
			name = Debug;
		};
		15FDE9B12B5CFAC900BA7708 /* Release */ = {
			isa = XCBuildConfiguration;
			buildSettings = {
				CODE_SIGN_STYLE = Automatic;
				DEVELOPMENT_TEAM = SHKMM3ZRX8;
				ENABLE_HARDENED_RUNTIME = YES;
				PRODUCT_NAME = "$(TARGET_NAME)";
				SWIFT_VERSION = 5.0;
			};
			name = Release;
		};
/* End XCBuildConfiguration section */

/* Begin XCConfigurationList section */
		15FDE9A32B5CFAC900BA7708 /* Build configuration list for PBXProject "ScreentapSwiftPrototyping" */ = {
			isa = XCConfigurationList;
			buildConfigurations = (
				15FDE9AD2B5CFAC900BA7708 /* Debug */,
				15FDE9AE2B5CFAC900BA7708 /* Release */,
			);
			defaultConfigurationIsVisible = 0;
			defaultConfigurationName = Release;
		};
		15FDE9AF2B5CFAC900BA7708 /* Build configuration list for PBXNativeTarget "ScreentapSwiftPrototyping" */ = {
			isa = XCConfigurationList;
			buildConfigurations = (
				15FDE9B02B5CFAC900BA7708 /* Debug */,
				15FDE9B12B5CFAC900BA7708 /* Release */,
			);
			defaultConfigurationIsVisible = 0;
			defaultConfigurationName = Release;
		};
/* End XCConfigurationList section */
	};
	rootObject = 15FDE9A02B5CFAC900BA7708 /* Project object */;
}
